// !$*UTF8*$!
{
	archiveVersion = 1;
	classes = {
	};
	objectVersion = 51;
	objects = {

/* Begin PBXBuildFile section */
		57781A314486F72E793B4955 /* Pods_AssetSim.framework in Frameworks */ = {isa = PBXBuildFile; fileRef = 6252EB4D481C43FCE0B9A371 /* Pods_AssetSim.framework */; };
		BA32D3C8263D12BA00BE7C2B /* AssetSimApp.swift in Sources */ = {isa = PBXBuildFile; fileRef = BA32D3C7263D12BA00BE7C2B /* AssetSimApp.swift */; };
		BA32D3CA263D12BA00BE7C2B /* ContentView.swift in Sources */ = {isa = PBXBuildFile; fileRef = BA32D3C9263D12BA00BE7C2B /* ContentView.swift */; };
		BA32D3CC263D12BE00BE7C2B /* Assets.xcassets in Resources */ = {isa = PBXBuildFile; fileRef = BA32D3CB263D12BE00BE7C2B /* Assets.xcassets */; };
		BA32D3CF263D12BE00BE7C2B /* Preview Assets.xcassets in Resources */ = {isa = PBXBuildFile; fileRef = BA32D3CE263D12BE00BE7C2B /* Preview Assets.xcassets */; };
		BA32D3D7263D133500BE7C2B /* Calculator.swift in Sources */ = {isa = PBXBuildFile; fileRef = BA32D3D6263D133500BE7C2B /* Calculator.swift */; };
		BA5D2D23263FD2D600A9E314 /* AssetChart.swift in Sources */ = {isa = PBXBuildFile; fileRef = BA5D2D22263FD2D500A9E314 /* AssetChart.swift */; };
/* End PBXBuildFile section */

/* Begin PBXFileReference section */
		6252EB4D481C43FCE0B9A371 /* Pods_AssetSim.framework */ = {isa = PBXFileReference; explicitFileType = wrapper.framework; includeInIndex = 0; path = Pods_AssetSim.framework; sourceTree = BUILT_PRODUCTS_DIR; };
		7129DA5BFB5FCC32E7093311 /* Pods-AssetSim.release.xcconfig */ = {isa = PBXFileReference; includeInIndex = 1; lastKnownFileType = text.xcconfig; name = "Pods-AssetSim.release.xcconfig"; path = "Target Support Files/Pods-AssetSim/Pods-AssetSim.release.xcconfig"; sourceTree = "<group>"; };
		B5F6F08467E90BCDA13024A8 /* Pods-AssetSim.debug.xcconfig */ = {isa = PBXFileReference; includeInIndex = 1; lastKnownFileType = text.xcconfig; name = "Pods-AssetSim.debug.xcconfig"; path = "Target Support Files/Pods-AssetSim/Pods-AssetSim.debug.xcconfig"; sourceTree = "<group>"; };
		BA32D3C4263D12BA00BE7C2B /* AssetSim.app */ = {isa = PBXFileReference; explicitFileType = wrapper.application; includeInIndex = 0; path = AssetSim.app; sourceTree = BUILT_PRODUCTS_DIR; };
		BA32D3C7263D12BA00BE7C2B /* AssetSimApp.swift */ = {isa = PBXFileReference; lastKnownFileType = sourcecode.swift; path = AssetSimApp.swift; sourceTree = "<group>"; };
		BA32D3C9263D12BA00BE7C2B /* ContentView.swift */ = {isa = PBXFileReference; lastKnownFileType = sourcecode.swift; path = ContentView.swift; sourceTree = "<group>"; };
		BA32D3CB263D12BE00BE7C2B /* Assets.xcassets */ = {isa = PBXFileReference; lastKnownFileType = folder.assetcatalog; path = Assets.xcassets; sourceTree = "<group>"; };
		BA32D3CE263D12BE00BE7C2B /* Preview Assets.xcassets */ = {isa = PBXFileReference; lastKnownFileType = folder.assetcatalog; path = "Preview Assets.xcassets"; sourceTree = "<group>"; };
		BA32D3D0263D12BE00BE7C2B /* Info.plist */ = {isa = PBXFileReference; lastKnownFileType = text.plist.xml; path = Info.plist; sourceTree = "<group>"; };
		BA32D3D6263D133500BE7C2B /* Calculator.swift */ = {isa = PBXFileReference; lastKnownFileType = sourcecode.swift; path = Calculator.swift; sourceTree = "<group>"; };
		BA5D2D22263FD2D500A9E314 /* AssetChart.swift */ = {isa = PBXFileReference; lastKnownFileType = sourcecode.swift; path = AssetChart.swift; sourceTree = "<group>"; };
/* End PBXFileReference section */

/* Begin PBXFrameworksBuildPhase section */
		BA32D3C1263D12BA00BE7C2B /* Frameworks */ = {
			isa = PBXFrameworksBuildPhase;
			buildActionMask = 2147483647;
			files = (
				57781A314486F72E793B4955 /* Pods_AssetSim.framework in Frameworks */,
			);
			runOnlyForDeploymentPostprocessing = 0;
		};
/* End PBXFrameworksBuildPhase section */

/* Begin PBXGroup section */
		309ECE17CEFEF2879B9B2EE6 /* Frameworks */ = {
			isa = PBXGroup;
			children = (
				6252EB4D481C43FCE0B9A371 /* Pods_AssetSim.framework */,
			);
			name = Frameworks;
			sourceTree = "<group>";
		};
		851D29182EF5CB0F7C8FE0AF /* Pods */ = {
			isa = PBXGroup;
			children = (
				B5F6F08467E90BCDA13024A8 /* Pods-AssetSim.debug.xcconfig */,
				7129DA5BFB5FCC32E7093311 /* Pods-AssetSim.release.xcconfig */,
			);
			path = Pods;
			sourceTree = "<group>";
		};
		BA32D3BB263D12B900BE7C2B = {
			isa = PBXGroup;
			children = (
				BA32D3C6263D12BA00BE7C2B /* AssetSim */,
				BA32D3C5263D12BA00BE7C2B /* Products */,
				851D29182EF5CB0F7C8FE0AF /* Pods */,
				309ECE17CEFEF2879B9B2EE6 /* Frameworks */,
			);
			sourceTree = "<group>";
		};
		BA32D3C5263D12BA00BE7C2B /* Products */ = {
			isa = PBXGroup;
			children = (
				BA32D3C4263D12BA00BE7C2B /* AssetSim.app */,
			);
			name = Products;
			sourceTree = "<group>";
		};
		BA32D3C6263D12BA00BE7C2B /* AssetSim */ = {
			isa = PBXGroup;
			children = (
				BA32D3C7263D12BA00BE7C2B /* AssetSimApp.swift */,
				BA32D3C9263D12BA00BE7C2B /* ContentView.swift */,
				BA5D2D22263FD2D500A9E314 /* AssetChart.swift */,
				BA32D3D6263D133500BE7C2B /* Calculator.swift */,
				BA32D3CB263D12BE00BE7C2B /* Assets.xcassets */,
				BA32D3D0263D12BE00BE7C2B /* Info.plist */,
				BA32D3CD263D12BE00BE7C2B /* Preview Content */,
			);
			path = AssetSim;
			sourceTree = "<group>";
		};
		BA32D3CD263D12BE00BE7C2B /* Preview Content */ = {
			isa = PBXGroup;
			children = (
				BA32D3CE263D12BE00BE7C2B /* Preview Assets.xcassets */,
			);
			path = "Preview Content";
			sourceTree = "<group>";
		};
/* End PBXGroup section */

/* Begin PBXNativeTarget section */
		BA32D3C3263D12BA00BE7C2B /* AssetSim */ = {
			isa = PBXNativeTarget;
			buildConfigurationList = BA32D3D3263D12BE00BE7C2B /* Build configuration list for PBXNativeTarget "AssetSim" */;
			buildPhases = (
				0A0FBF6A23057D572FB11DBA /* [CP] Check Pods Manifest.lock */,
				BA32D3C0263D12BA00BE7C2B /* Sources */,
				BA32D3C1263D12BA00BE7C2B /* Frameworks */,
				BA32D3C2263D12BA00BE7C2B /* Resources */,
				E6C479027E0AA6D765B67EBF /* [CP] Embed Pods Frameworks */,
			);
			buildRules = (
			);
			dependencies = (
			);
			name = AssetSim;
			productName = AssetSim;
			productReference = BA32D3C4263D12BA00BE7C2B /* AssetSim.app */;
			productType = "com.apple.product-type.application";
		};
/* End PBXNativeTarget section */

/* Begin PBXProject section */
		BA32D3BC263D12B900BE7C2B /* Project object */ = {
			isa = PBXProject;
			attributes = {
				LastSwiftUpdateCheck = 1250;
				LastUpgradeCheck = 1250;
				TargetAttributes = {
					BA32D3C3263D12BA00BE7C2B = {
						CreatedOnToolsVersion = 12.5;
					};
				};
			};
			buildConfigurationList = BA32D3BF263D12B900BE7C2B /* Build configuration list for PBXProject "AssetSim" */;
			compatibilityVersion = "Xcode 9.3";
			developmentRegion = en;
			hasScannedForEncodings = 0;
			knownRegions = (
				en,
				Base,
			);
			mainGroup = BA32D3BB263D12B900BE7C2B;
			productRefGroup = BA32D3C5263D12BA00BE7C2B /* Products */;
			projectDirPath = "";
			projectRoot = "";
			targets = (
				BA32D3C3263D12BA00BE7C2B /* AssetSim */,
			);
		};
/* End PBXProject section */

/* Begin PBXResourcesBuildPhase section */
		BA32D3C2263D12BA00BE7C2B /* Resources */ = {
			isa = PBXResourcesBuildPhase;
			buildActionMask = 2147483647;
			files = (
				BA32D3CF263D12BE00BE7C2B /* Preview Assets.xcassets in Resources */,
				BA32D3CC263D12BE00BE7C2B /* Assets.xcassets in Resources */,
			);
			runOnlyForDeploymentPostprocessing = 0;
		};
/* End PBXResourcesBuildPhase section */

/* Begin PBXShellScriptBuildPhase section */
		0A0FBF6A23057D572FB11DBA /* [CP] Check Pods Manifest.lock */ = {
			isa = PBXShellScriptBuildPhase;
			buildActionMask = 2147483647;
			files = (
			);
			inputFileListPaths = (
			);
			inputPaths = (
				"${PODS_PODFILE_DIR_PATH}/Podfile.lock",
				"${PODS_ROOT}/Manifest.lock",
			);
			name = "[CP] Check Pods Manifest.lock";
			outputFileListPaths = (
			);
			outputPaths = (
				"$(DERIVED_FILE_DIR)/Pods-AssetSim-checkManifestLockResult.txt",
			);
			runOnlyForDeploymentPostprocessing = 0;
			shellPath = /bin/sh;
			shellScript = "diff \"${PODS_PODFILE_DIR_PATH}/Podfile.lock\" \"${PODS_ROOT}/Manifest.lock\" > /dev/null\nif [ $? != 0 ] ; then\n    # print error to STDERR\n    echo \"error: The sandbox is not in sync with the Podfile.lock. Run 'pod install' or update your CocoaPods installation.\" >&2\n    exit 1\nfi\n# This output is used by Xcode 'outputs' to avoid re-running this script phase.\necho \"SUCCESS\" > \"${SCRIPT_OUTPUT_FILE_0}\"\n";
			showEnvVarsInLog = 0;
		};
		E6C479027E0AA6D765B67EBF /* [CP] Embed Pods Frameworks */ = {
			isa = PBXShellScriptBuildPhase;
			buildActionMask = 2147483647;
			files = (
			);
			inputFileListPaths = (
				"${PODS_ROOT}/Target Support Files/Pods-AssetSim/Pods-AssetSim-frameworks-${CONFIGURATION}-input-files.xcfilelist",
			);
			name = "[CP] Embed Pods Frameworks";
			outputFileListPaths = (
				"${PODS_ROOT}/Target Support Files/Pods-AssetSim/Pods-AssetSim-frameworks-${CONFIGURATION}-output-files.xcfilelist",
			);
			runOnlyForDeploymentPostprocessing = 0;
			shellPath = /bin/sh;
			shellScript = "\"${PODS_ROOT}/Target Support Files/Pods-AssetSim/Pods-AssetSim-frameworks.sh\"\n";
			showEnvVarsInLog = 0;
		};
/* End PBXShellScriptBuildPhase section */

/* Begin PBXSourcesBuildPhase section */
		BA32D3C0263D12BA00BE7C2B /* Sources */ = {
			isa = PBXSourcesBuildPhase;
			buildActionMask = 2147483647;
			files = (
				BA5D2D23263FD2D600A9E314 /* AssetChart.swift in Sources */,
				BA32D3CA263D12BA00BE7C2B /* ContentView.swift in Sources */,
				BA32D3C8263D12BA00BE7C2B /* AssetSimApp.swift in Sources */,
				BA32D3D7263D133500BE7C2B /* Calculator.swift in Sources */,
			);
			runOnlyForDeploymentPostprocessing = 0;
		};
/* End PBXSourcesBuildPhase section */

/* Begin XCBuildConfiguration section */
		BA32D3D1263D12BE00BE7C2B /* Debug */ = {
			isa = XCBuildConfiguration;
			buildSettings = {
				ALWAYS_SEARCH_USER_PATHS = NO;
				CLANG_ANALYZER_NONNULL = YES;
				CLANG_ANALYZER_NUMBER_OBJECT_CONVERSION = YES_AGGRESSIVE;
				CLANG_CXX_LANGUAGE_STANDARD = "gnu++14";
				CLANG_CXX_LIBRARY = "libc++";
				CLANG_ENABLE_MODULES = YES;
				CLANG_ENABLE_OBJC_ARC = YES;
				CLANG_ENABLE_OBJC_WEAK = YES;
				CLANG_WARN_BLOCK_CAPTURE_AUTORELEASING = YES;
				CLANG_WARN_BOOL_CONVERSION = YES;
				CLANG_WARN_COMMA = YES;
				CLANG_WARN_CONSTANT_CONVERSION = YES;
				CLANG_WARN_DEPRECATED_OBJC_IMPLEMENTATIONS = YES;
				CLANG_WARN_DIRECT_OBJC_ISA_USAGE = YES_ERROR;
				CLANG_WARN_DOCUMENTATION_COMMENTS = YES;
				CLANG_WARN_EMPTY_BODY = YES;
				CLANG_WARN_ENUM_CONVERSION = YES;
				CLANG_WARN_INFINITE_RECURSION = YES;
				CLANG_WARN_INT_CONVERSION = YES;
				CLANG_WARN_NON_LITERAL_NULL_CONVERSION = YES;
				CLANG_WARN_OBJC_IMPLICIT_RETAIN_SELF = YES;
				CLANG_WARN_OBJC_LITERAL_CONVERSION = YES;
				CLANG_WARN_OBJC_ROOT_CLASS = YES_ERROR;
				CLANG_WARN_QUOTED_INCLUDE_IN_FRAMEWORK_HEADER = YES;
				CLANG_WARN_RANGE_LOOP_ANALYSIS = YES;
				CLANG_WARN_STRICT_PROTOTYPES = YES;
				CLANG_WARN_SUSPICIOUS_MOVE = YES;
				CLANG_WARN_UNGUARDED_AVAILABILITY = YES_AGGRESSIVE;
				CLANG_WARN_UNREACHABLE_CODE = YES;
				CLANG_WARN__DUPLICATE_METHOD_MATCH = YES;
				COPY_PHASE_STRIP = NO;
				DEBUG_INFORMATION_FORMAT = dwarf;
				ENABLE_STRICT_OBJC_MSGSEND = YES;
				ENABLE_TESTABILITY = YES;
				GCC_C_LANGUAGE_STANDARD = gnu11;
				GCC_DYNAMIC_NO_PIC = NO;
				GCC_NO_COMMON_BLOCKS = YES;
				GCC_OPTIMIZATION_LEVEL = 0;
				GCC_PREPROCESSOR_DEFINITIONS = (
					"DEBUG=1",
					"$(inherited)",
				);
				GCC_WARN_64_TO_32_BIT_CONVERSION = YES;
				GCC_WARN_ABOUT_RETURN_TYPE = YES_ERROR;
				GCC_WARN_UNDECLARED_SELECTOR = YES;
				GCC_WARN_UNINITIALIZED_AUTOS = YES_AGGRESSIVE;
				GCC_WARN_UNUSED_FUNCTION = YES;
				GCC_WARN_UNUSED_VARIABLE = YES;
				IPHONEOS_DEPLOYMENT_TARGET = 14.5;
				MTL_ENABLE_DEBUG_INFO = INCLUDE_SOURCE;
				MTL_FAST_MATH = YES;
				ONLY_ACTIVE_ARCH = YES;
				SDKROOT = iphoneos;
				SWIFT_ACTIVE_COMPILATION_CONDITIONS = DEBUG;
				SWIFT_OPTIMIZATION_LEVEL = "-Onone";
			};
			name = Debug;
		};
		BA32D3D2263D12BE00BE7C2B /* Release */ = {
			isa = XCBuildConfiguration;
			buildSettings = {
				ALWAYS_SEARCH_USER_PATHS = NO;
				CLANG_ANALYZER_NONNULL = YES;
				CLANG_ANALYZER_NUMBER_OBJECT_CONVERSION = YES_AGGRESSIVE;
				CLANG_CXX_LANGUAGE_STANDARD = "gnu++14";
				CLANG_CXX_LIBRARY = "libc++";
				CLANG_ENABLE_MODULES = YES;
				CLANG_ENABLE_OBJC_ARC = YES;
				CLANG_ENABLE_OBJC_WEAK = YES;
				CLANG_WARN_BLOCK_CAPTURE_AUTORELEASING = YES;
				CLANG_WARN_BOOL_CONVERSION = YES;
				CLANG_WARN_COMMA = YES;
				CLANG_WARN_CONSTANT_CONVERSION = YES;
				CLANG_WARN_DEPRECATED_OBJC_IMPLEMENTATIONS = YES;
				CLANG_WARN_DIRECT_OBJC_ISA_USAGE = YES_ERROR;
				CLANG_WARN_DOCUMENTATION_COMMENTS = YES;
				CLANG_WARN_EMPTY_BODY = YES;
				CLANG_WARN_ENUM_CONVERSION = YES;
				CLANG_WARN_INFINITE_RECURSION = YES;
				CLANG_WARN_INT_CONVERSION = YES;
				CLANG_WARN_NON_LITERAL_NULL_CONVERSION = YES;
				CLANG_WARN_OBJC_IMPLICIT_RETAIN_SELF = YES;
				CLANG_WARN_OBJC_LITERAL_CONVERSION = YES;
				CLANG_WARN_OBJC_ROOT_CLASS = YES_ERROR;
				CLANG_WARN_QUOTED_INCLUDE_IN_FRAMEWORK_HEADER = YES;
				CLANG_WARN_RANGE_LOOP_ANALYSIS = YES;
				CLANG_WARN_STRICT_PROTOTYPES = YES;
				CLANG_WARN_SUSPICIOUS_MOVE = YES;
				CLANG_WARN_UNGUARDED_AVAILABILITY = YES_AGGRESSIVE;
				CLANG_WARN_UNREACHABLE_CODE = YES;
				CLANG_WARN__DUPLICATE_METHOD_MATCH = YES;
				COPY_PHASE_STRIP = NO;
				DEBUG_INFORMATION_FORMAT = "dwarf-with-dsym";
				ENABLE_NS_ASSERTIONS = NO;
				ENABLE_STRICT_OBJC_MSGSEND = YES;
				GCC_C_LANGUAGE_STANDARD = gnu11;
				GCC_NO_COMMON_BLOCKS = YES;
				GCC_WARN_64_TO_32_BIT_CONVERSION = YES;
				GCC_WARN_ABOUT_RETURN_TYPE = YES_ERROR;
				GCC_WARN_UNDECLARED_SELECTOR = YES;
				GCC_WARN_UNINITIALIZED_AUTOS = YES_AGGRESSIVE;
				GCC_WARN_UNUSED_FUNCTION = YES;
				GCC_WARN_UNUSED_VARIABLE = YES;
				IPHONEOS_DEPLOYMENT_TARGET = 14.5;
				MTL_ENABLE_DEBUG_INFO = NO;
				MTL_FAST_MATH = YES;
				SDKROOT = iphoneos;
				SWIFT_COMPILATION_MODE = wholemodule;
				SWIFT_OPTIMIZATION_LEVEL = "-O";
				VALIDATE_PRODUCT = YES;
			};
			name = Release;
		};
		BA32D3D4263D12BE00BE7C2B /* Debug */ = {
			isa = XCBuildConfiguration;
			baseConfigurationReference = B5F6F08467E90BCDA13024A8 /* Pods-AssetSim.debug.xcconfig */;
			buildSettings = {
				ASSETCATALOG_COMPILER_APPICON_NAME = AppIcon;
				ASSETCATALOG_COMPILER_GLOBAL_ACCENT_COLOR_NAME = AccentColor;
				CODE_SIGN_STYLE = Automatic;
				DEVELOPMENT_ASSET_PATHS = "\"AssetSim/Preview Content\"";
				DEVELOPMENT_TEAM = 2H9LUJ9M62;
				ENABLE_PREVIEWS = YES;
				INFOPLIST_FILE = AssetSim/Info.plist;
				IPHONEOS_DEPLOYMENT_TARGET = 14.0;
				LD_RUNPATH_SEARCH_PATHS = (
					"$(inherited)",
					"@executable_path/Frameworks",
				);
				PRODUCT_BUNDLE_IDENTIFIER = com.takaya.AssetSim;
				PRODUCT_NAME = "$(TARGET_NAME)";
				SWIFT_VERSION = 5.0;
				TARGETED_DEVICE_FAMILY = "1,2";
			};
			name = Debug;
		};
		BA32D3D5263D12BE00BE7C2B /* Release */ = {
			isa = XCBuildConfiguration;
			baseConfigurationReference = 7129DA5BFB5FCC32E7093311 /* Pods-AssetSim.release.xcconfig */;
			buildSettings = {
				ASSETCATALOG_COMPILER_APPICON_NAME = AppIcon;
				ASSETCATALOG_COMPILER_GLOBAL_ACCENT_COLOR_NAME = AccentColor;
				CODE_SIGN_STYLE = Automatic;
				DEVELOPMENT_ASSET_PATHS = "\"AssetSim/Preview Content\"";
				DEVELOPMENT_TEAM = 2H9LUJ9M62;
				ENABLE_PREVIEWS = YES;
				INFOPLIST_FILE = AssetSim/Info.plist;
				IPHONEOS_DEPLOYMENT_TARGET = 14.0;
				LD_RUNPATH_SEARCH_PATHS = (
					"$(inherited)",
					"@executable_path/Frameworks",
				);
				PRODUCT_BUNDLE_IDENTIFIER = com.takaya.AssetSim;
				PRODUCT_NAME = "$(TARGET_NAME)";
				SWIFT_VERSION = 5.0;
				TARGETED_DEVICE_FAMILY = "1,2";
			};
			name = Release;
		};
/* End XCBuildConfiguration section */

/* Begin XCConfigurationList section */
		BA32D3BF263D12B900BE7C2B /* Build configuration list for PBXProject "AssetSim" */ = {
			isa = XCConfigurationList;
			buildConfigurations = (
				BA32D3D1263D12BE00BE7C2B /* Debug */,
				BA32D3D2263D12BE00BE7C2B /* Release */,
			);
			defaultConfigurationIsVisible = 0;
			defaultConfigurationName = Release;
		};
		BA32D3D3263D12BE00BE7C2B /* Build configuration list for PBXNativeTarget "AssetSim" */ = {
			isa = XCConfigurationList;
			buildConfigurations = (
				BA32D3D4263D12BE00BE7C2B /* Debug */,
				BA32D3D5263D12BE00BE7C2B /* Release */,
			);
			defaultConfigurationIsVisible = 0;
			defaultConfigurationName = Release;
		};
/* End XCConfigurationList section */
	};
	rootObject = BA32D3BC263D12B900BE7C2B /* Project object */;
}
